{
    "_readme": [
        "This file locks the dependencies of your project to a known state",
        "Read more about it at https://getcomposer.org/doc/01-basic-usage.md#installing-dependencies",
        "This file is @generated automatically"
    ],
    "content-hash": "d0eb5594d369b0d999188ce69b4f813d",
    "packages": [
        {
            "name": "alex-lee/php-helper",
            "version": "v1.2.6",
            "source": {
                "type": "git",
                "url": "https://github.com/898601566/php-helper.git",
                "reference": "2305f84a8069c632fe81a552a66c7eca63cdddff"
            },
            "dist": {
                "type": "zip",
                "url": "https://api.github.com/repos/898601566/php-helper/zipball/2305f84a8069c632fe81a552a66c7eca63cdddff",
                "reference": "2305f84a8069c632fe81a552a66c7eca63cdddff",
                "shasum": ""
            },
            "require": {
                "php": ">=7.2"
            },
            "type": "library",
            "autoload": {
                "psr-4": {
                    "Helper\\": "src/"
                },
                "files": [
                    "src/helper.php"
                ]
            },
            "notification-url": "https://packagist.org/downloads/",
            "license": [
                "MIT"
            ],
            "authors": [
                {
                    "name": "alexLee",
                    "email": "898601566@qq.com"
                }
            ],
            "description": "helper function",
            "support": {
                "issues": "https://github.com/898601566/php-helper/issues",
                "source": "https://github.com/898601566/php-helper/tree/v1.2.6"
            },
            "time": "2021-07-14T09:50:49+00:00"
        }
    ],
    "packages-dev": [],
    "aliases": [],
    "minimum-stability": "stable",
    "stability-flags": [],
    "prefer-stable": false,
    "prefer-lowest": false,
    "platform": {
        "php": ">=7.0"
    },
    "platform-dev": [],
    "plugin-api-version": "2.1.0"
}
